{
  "name": "meu-plugin-figma",
  "version": "1.0.0",
  "lockfileVersion": 3,
  "requires": true,
  "packages": {
    "": {
      "name": "meu-plugin-figma",
      "version": "1.0.0",
      "dependencies": {
        "typescript": "^5.4.5"
      },
      "devDependencies": {
        "@figma/plugin-typings": "^1.93.0",
        "figma-plugin-ds": "^1.0.1"
      }
    },
    "node_modules/@figma/plugin-typings": {
      "version": "1.93.0",
      "resolved": "https://registry.npmjs.org/@figma/plugin-typings/-/plugin-typings-1.93.0.tgz",
      "integrity": "sha512-R4iGdkHaoIeJENxz+VUmstOofataZ22Yi7urKS9mr6ZbMJ1TFPBDCrHbKXsJaevvizB9jLhCdNA1wtQci4Ynxg==",
      "dev": true
    },
    "node_modules/figma-plugin-ds": {
      "version": "1.0.1",
      "resolved": "https://registry.npmjs.org/figma-plugin-ds/-/figma-plugin-ds-1.0.1.tgz",
      "integrity": "sha512-j1/mcHeYx8IRzdLbNyqo9PQXqtI3ujN/RfjuXFS7OintJojuXG2GuaL8COzqAH66ZPXx4aFHMkqRjbBaudBCpA==",
      "dev": true
    },
    "node_modules/typescript": {
      "version": "5.4.5",
      "resolved": "https://registry.npmjs.org/typescript/-/typescript-5.4.5.tgz",
      "integrity": "sha512-vcI4UpRgg81oIRUFwR0WSIHKt11nJ7SAVlYNIu+QpqeyXP+gpQJy/Z4+F0aGxSE4MqwjyXvW/TzgkLAx2AGHwQ==",
      "bin": {
        "tsc": "bin/tsc",
        "tsserver": "bin/tsserver"
      },
      "engines": {
        "node": ">=14.17"
      }
    }
  }
}
